
Microsoft Visual Studio Solution File, Format Version 12.00
Project("{FAE04EC0-301F-11D3-BF4B-00C04F79EFBC}") = "WhiskeyWheelApi", "WhiskeyWheelApi.csproj", "{C64DEA01-6A4C-4F33-BBBC-63BEF78AEAB6}"
EndProject
Global
	GlobalSection(SolutionConfigurationPlatforms) = preSolution
		Debug|Any CPU = Debug|Any CPU
		Release|Any CPU = Release|Any CPU
	EndGlobalSection
	GlobalSection(ProjectConfigurationPlatforms) = postSolution
		{C64DEA01-6A4C-4F33-BBBC-63BEF78AEAB6}.Debug|Any CPU.ActiveCfg = Debug|Any CPU
		{C64DEA01-6A4C-4F33-BBBC-63BEF78AEAB6}.Debug|Any CPU.Build.0 = Debug|Any CPU
		{C64DEA01-6A4C-4F33-BBBC-63BEF78AEAB6}.Release|Any CPU.ActiveCfg = Release|Any CPU
		{C64DEA01-6A4C-4F33-BBBC-63BEF78AEAB6}.Release|Any CPU.Build.0 = Release|Any CPU
	EndGlobalSection
EndGlobal
